
Microsoft Visual Studio Solution File, Format Version 12.00
# Visual Studio 2012
Project("{2150E333-8FDC-42A3-9474-1A3956D46DE8}") = "Datos", "Datos", "{FBC270A4-977F-482F-A4D7-5046D2D07BD7}"
EndProject
Project("{2150E333-8FDC-42A3-9474-1A3956D46DE8}") = "Servicios", "Servicios", "{F6BC7BE0-B6EE-41BD-8D55-1E08C89C84D5}"
EndProject
Project("{2150E333-8FDC-42A3-9474-1A3956D46DE8}") = "Web", "Web", "{59EDFCD2-945B-487E-B5D3-7BA2F83C8157}"
EndProject
Project("{FAE04EC0-301F-11D3-BF4B-00C04F79EFBC}") = "MISEC.ISW.Temperatura.Servicios", "MISEC.ISW.Temperatura.Servicios\MISEC.ISW.Temperatura.Servicios.csproj", "{EEC0BB73-BD0E-4DEF-BA53-D9A524D2F5BC}"
EndProject
Project("{FAE04EC0-301F-11D3-BF4B-00C04F79EFBC}") = "MISEC.ISW.Temperatura.Datos", "MISEC.ISW.Temperatura.Datos\MISEC.ISW.Temperatura.Datos.csproj", "{9EC773DD-2640-4A5B-BA76-F26DEF7CA6E8}"
EndProject
Project("{E24C65DC-7377-472B-9ABA-BC803B73C61A}") = "MISEC.ISW.Temperatura.UI", "MISEC.ISW.Temperatura.UI\", "{BC93DABC-CC27-4E7E-8895-B1B4C59C6F4A}"
	ProjectSection(WebsiteProperties) = preProject
		TargetFrameworkMoniker = ".NETFramework,Version%3Dv4.0"
		Debug.AspNetCompiler.VirtualPath = "/MISEC.ISW.Temperatura.UI"
		Debug.AspNetCompiler.PhysicalPath = "MISEC.ISW.Temperatura.UI\"
		Debug.AspNetCompiler.TargetPath = "PrecompiledWeb\MISEC.ISW.Temperatura.UI\"
		Debug.AspNetCompiler.Updateable = "true"
		Debug.AspNetCompiler.ForceOverwrite = "true"
		Debug.AspNetCompiler.FixedNames = "false"
		Debug.AspNetCompiler.Debug = "True"
		Release.AspNetCompiler.VirtualPath = "/MISEC.ISW.Temperatura.UI"
		Release.AspNetCompiler.PhysicalPath = "MISEC.ISW.Temperatura.UI\"
		Release.AspNetCompiler.TargetPath = "PrecompiledWeb\MISEC.ISW.Temperatura.UI\"
		Release.AspNetCompiler.Updateable = "true"
		Release.AspNetCompiler.ForceOverwrite = "true"
		Release.AspNetCompiler.FixedNames = "false"
		Release.AspNetCompiler.Debug = "False"
		VWDPort = "3394"
	EndProjectSection
	ProjectSection(ProjectDependencies) = postProject
		{EEC0BB73-BD0E-4DEF-BA53-D9A524D2F5BC} = {EEC0BB73-BD0E-4DEF-BA53-D9A524D2F5BC}
	EndProjectSection
EndProject
Project("{2150E333-8FDC-42A3-9474-1A3956D46DE8}") = "Escritorio", "Escritorio", "{58E06E6A-518F-463E-BF60-B50FB1F61A1C}"
EndProject
Project("{FAE04EC0-301F-11D3-BF4B-00C04F79EFBC}") = "Monitoreo_temperaruta_escritorio", "Monitoreo_temperaruta_escritorio\Monitoreo_temperaruta_escritorio.csproj", "{1D900209-E0FE-4959-9B5F-B6035F64F7A4}"
	ProjectSection(ProjectDependencies) = postProject
		{EEC0BB73-BD0E-4DEF-BA53-D9A524D2F5BC} = {EEC0BB73-BD0E-4DEF-BA53-D9A524D2F5BC}
	EndProjectSection
EndProject
Global
	GlobalSection(SolutionConfigurationPlatforms) = preSolution
		Debug|Any CPU = Debug|Any CPU
		Release|Any CPU = Release|Any CPU
	EndGlobalSection
	GlobalSection(ProjectConfigurationPlatforms) = postSolution
		{EEC0BB73-BD0E-4DEF-BA53-D9A524D2F5BC}.Debug|Any CPU.ActiveCfg = Debug|Any CPU
		{EEC0BB73-BD0E-4DEF-BA53-D9A524D2F5BC}.Debug|Any CPU.Build.0 = Debug|Any CPU
		{EEC0BB73-BD0E-4DEF-BA53-D9A524D2F5BC}.Release|Any CPU.ActiveCfg = Release|Any CPU
		{EEC0BB73-BD0E-4DEF-BA53-D9A524D2F5BC}.Release|Any CPU.Build.0 = Release|Any CPU
		{9EC773DD-2640-4A5B-BA76-F26DEF7CA6E8}.Debug|Any CPU.ActiveCfg = Debug|Any CPU
		{9EC773DD-2640-4A5B-BA76-F26DEF7CA6E8}.Debug|Any CPU.Build.0 = Debug|Any CPU
		{9EC773DD-2640-4A5B-BA76-F26DEF7CA6E8}.Release|Any CPU.ActiveCfg = Release|Any CPU
		{9EC773DD-2640-4A5B-BA76-F26DEF7CA6E8}.Release|Any CPU.Build.0 = Release|Any CPU
		{BC93DABC-CC27-4E7E-8895-B1B4C59C6F4A}.Debug|Any CPU.ActiveCfg = Debug|Any CPU
		{BC93DABC-CC27-4E7E-8895-B1B4C59C6F4A}.Debug|Any CPU.Build.0 = Debug|Any CPU
		{BC93DABC-CC27-4E7E-8895-B1B4C59C6F4A}.Release|Any CPU.ActiveCfg = Debug|Any CPU
		{BC93DABC-CC27-4E7E-8895-B1B4C59C6F4A}.Release|Any CPU.Build.0 = Debug|Any CPU
		{1D900209-E0FE-4959-9B5F-B6035F64F7A4}.Debug|Any CPU.ActiveCfg = Debug|Any CPU
		{1D900209-E0FE-4959-9B5F-B6035F64F7A4}.Debug|Any CPU.Build.0 = Debug|Any CPU
		{1D900209-E0FE-4959-9B5F-B6035F64F7A4}.Release|Any CPU.ActiveCfg = Release|Any CPU
		{1D900209-E0FE-4959-9B5F-B6035F64F7A4}.Release|Any CPU.Build.0 = Release|Any CPU
	EndGlobalSection
	GlobalSection(SolutionProperties) = preSolution
		HideSolutionNode = FALSE
	EndGlobalSection
	GlobalSection(NestedProjects) = preSolution
		{9EC773DD-2640-4A5B-BA76-F26DEF7CA6E8} = {FBC270A4-977F-482F-A4D7-5046D2D07BD7}
		{EEC0BB73-BD0E-4DEF-BA53-D9A524D2F5BC} = {F6BC7BE0-B6EE-41BD-8D55-1E08C89C84D5}
		{BC93DABC-CC27-4E7E-8895-B1B4C59C6F4A} = {59EDFCD2-945B-487E-B5D3-7BA2F83C8157}
		{1D900209-E0FE-4959-9B5F-B6035F64F7A4} = {58E06E6A-518F-463E-BF60-B50FB1F61A1C}
	EndGlobalSection
EndGlobal
